
Microsoft Visual Studio Solution File, Format Version 12.00
# Visual Studio 15
VisualStudioVersion = 15.0.27703.2000
MinimumVisualStudioVersion = 10.0.40219.1
Project("{FAE04EC0-301F-11D3-BF4B-00C04F79EFBC}") = "Valve", "Valve\Valve.csproj", "{66A8409E-243D-462B-A6D0-DE782B6FABA7}"
EndProject
Project("{FAE04EC0-301F-11D3-BF4B-00C04F79EFBC}") = "Valve.TF2", "Valve.TF2\Valve.TF2.csproj", "{F5669172-7996-4525-82DF-D1EA104C79EB}"
EndProject
Project("{FAE04EC0-301F-11D3-BF4B-00C04F79EFBC}") = "Valve.Steam", "Valve.Steam\Valve.Steam.csproj", "{309FF3D3-BC1C-47C2-A976-FD089A25AEE6}"
EndProject
Project("{FAE04EC0-301F-11D3-BF4B-00C04F79EFBC}") = "SRCDSLauncher", "..\SRCDSLauncher\SRCDSLauncher\SRCDSLauncher.csproj", "{544A5428-4758-4EB1-BE8D-E356F4E4FD81}"
EndProject
Project("{FAE04EC0-301F-11D3-BF4B-00C04F79EFBC}") = "TEST", "..\SRCDSLauncher\TEST\TEST.csproj", "{CE9EB357-2967-4EDD-ADB9-1274882E60F6}"
EndProject
Project("{FAE04EC0-301F-11D3-BF4B-00C04F79EFBC}") = "Valve.FileSystem", "Valve.FileSystem\Valve.FileSystem.csproj", "{79F896E7-F212-43A7-8529-9AA36AA06723}"
EndProject
Global
	GlobalSection(SolutionConfigurationPlatforms) = preSolution
		Debug|Any CPU = Debug|Any CPU
		Release|Any CPU = Release|Any CPU
	EndGlobalSection
	GlobalSection(ProjectConfigurationPlatforms) = postSolution
		{66A8409E-243D-462B-A6D0-DE782B6FABA7}.Debug|Any CPU.ActiveCfg = Debug|Any CPU
		{66A8409E-243D-462B-A6D0-DE782B6FABA7}.Debug|Any CPU.Build.0 = Debug|Any CPU
		{66A8409E-243D-462B-A6D0-DE782B6FABA7}.Release|Any CPU.ActiveCfg = Release|Any CPU
		{66A8409E-243D-462B-A6D0-DE782B6FABA7}.Release|Any CPU.Build.0 = Release|Any CPU
		{F5669172-7996-4525-82DF-D1EA104C79EB}.Debug|Any CPU.ActiveCfg = Debug|Any CPU
		{F5669172-7996-4525-82DF-D1EA104C79EB}.Debug|Any CPU.Build.0 = Debug|Any CPU
		{F5669172-7996-4525-82DF-D1EA104C79EB}.Release|Any CPU.ActiveCfg = Release|Any CPU
		{F5669172-7996-4525-82DF-D1EA104C79EB}.Release|Any CPU.Build.0 = Release|Any CPU
		{309FF3D3-BC1C-47C2-A976-FD089A25AEE6}.Debug|Any CPU.ActiveCfg = Debug|Any CPU
		{309FF3D3-BC1C-47C2-A976-FD089A25AEE6}.Debug|Any CPU.Build.0 = Debug|Any CPU
		{309FF3D3-BC1C-47C2-A976-FD089A25AEE6}.Release|Any CPU.ActiveCfg = Release|Any CPU
		{309FF3D3-BC1C-47C2-A976-FD089A25AEE6}.Release|Any CPU.Build.0 = Release|Any CPU
		{544A5428-4758-4EB1-BE8D-E356F4E4FD81}.Debug|Any CPU.ActiveCfg = Debug|Any CPU
		{544A5428-4758-4EB1-BE8D-E356F4E4FD81}.Debug|Any CPU.Build.0 = Debug|Any CPU
		{544A5428-4758-4EB1-BE8D-E356F4E4FD81}.Release|Any CPU.ActiveCfg = Release|Any CPU
		{544A5428-4758-4EB1-BE8D-E356F4E4FD81}.Release|Any CPU.Build.0 = Release|Any CPU
		{CE9EB357-2967-4EDD-ADB9-1274882E60F6}.Debug|Any CPU.ActiveCfg = Debug|Any CPU
		{CE9EB357-2967-4EDD-ADB9-1274882E60F6}.Debug|Any CPU.Build.0 = Debug|Any CPU
		{CE9EB357-2967-4EDD-ADB9-1274882E60F6}.Release|Any CPU.ActiveCfg = Release|Any CPU
		{CE9EB357-2967-4EDD-ADB9-1274882E60F6}.Release|Any CPU.Build.0 = Release|Any CPU
		{79F896E7-F212-43A7-8529-9AA36AA06723}.Debug|Any CPU.ActiveCfg = Debug|Any CPU
		{79F896E7-F212-43A7-8529-9AA36AA06723}.Debug|Any CPU.Build.0 = Debug|Any CPU
		{79F896E7-F212-43A7-8529-9AA36AA06723}.Release|Any CPU.ActiveCfg = Release|Any CPU
		{79F896E7-F212-43A7-8529-9AA36AA06723}.Release|Any CPU.Build.0 = Release|Any CPU
	EndGlobalSection
	GlobalSection(SolutionProperties) = preSolution
		HideSolutionNode = FALSE
	EndGlobalSection
	GlobalSection(ExtensibilityGlobals) = postSolution
		SolutionGuid = {D2C9CC5F-77C3-4BBB-8529-5DC704EFFD80}
	EndGlobalSection
EndGlobal
