
Microsoft Visual Studio Solution File, Format Version 12.00
# Visual Studio 15
VisualStudioVersion = 15.0.27703.2000
MinimumVisualStudioVersion = 10.0.40219.1
Project("{FAE04EC0-301F-11D3-BF4B-00C04F79EFBC}") = "TF2", "TF2\TF2.csproj", "{F5669172-7996-4525-82DF-D1EA104C79EB}"
EndProject
Project("{FAE04EC0-301F-11D3-BF4B-00C04F79EFBC}") = "Valve", "Valve\Valve.csproj", "{66A8409E-243D-462B-A6D0-DE782B6FABA7}"
EndProject
Global
	GlobalSection(SolutionConfigurationPlatforms) = preSolution
		Debug|Any CPU = Debug|Any CPU
		Release|Any CPU = Release|Any CPU
	EndGlobalSection
	GlobalSection(ProjectConfigurationPlatforms) = postSolution
		{F5669172-7996-4525-82DF-D1EA104C79EB}.Debug|Any CPU.ActiveCfg = Debug|Any CPU
		{F5669172-7996-4525-82DF-D1EA104C79EB}.Debug|Any CPU.Build.0 = Debug|Any CPU
		{F5669172-7996-4525-82DF-D1EA104C79EB}.Release|Any CPU.ActiveCfg = Release|Any CPU
		{F5669172-7996-4525-82DF-D1EA104C79EB}.Release|Any CPU.Build.0 = Release|Any CPU
		{66A8409E-243D-462B-A6D0-DE782B6FABA7}.Debug|Any CPU.ActiveCfg = Debug|Any CPU
		{66A8409E-243D-462B-A6D0-DE782B6FABA7}.Debug|Any CPU.Build.0 = Debug|Any CPU
		{66A8409E-243D-462B-A6D0-DE782B6FABA7}.Release|Any CPU.ActiveCfg = Release|Any CPU
		{66A8409E-243D-462B-A6D0-DE782B6FABA7}.Release|Any CPU.Build.0 = Release|Any CPU
	EndGlobalSection
	GlobalSection(SolutionProperties) = preSolution
		HideSolutionNode = FALSE
	EndGlobalSection
	GlobalSection(ExtensibilityGlobals) = postSolution
		SolutionGuid = {D2C9CC5F-77C3-4BBB-8529-5DC704EFFD80}
	EndGlobalSection
EndGlobal
